
Microsoft Visual Studio Solution File, Format Version 12.00
# Visual Studio Version 17
VisualStudioVersion = 17.5.002.0
MinimumVisualStudioVersion = 10.0.40219.1
Project("{9A19103F-16F7-4668-BE54-9A1E7A4F7556}") = "C#001_HelloConsole", "C#001_HelloConsole\C#001_HelloConsole.csproj", "{F30B1EA4-A4B5-4CF3-AB96-9F7B57532CB3}"
EndProject
Project("{9A19103F-16F7-4668-BE54-9A1E7A4F7556}") = "C#002_HelloUser", "C#002_HelloUser\C#002_HelloUser.csproj", "{EBF353A6-EFA8-4790-B639-9D2D1F102F9D}"
EndProject
Project("{9A19103F-16F7-4668-BE54-9A1E7A4F7556}") = "C#003_Sum", "C#003_Sum\C#003_Sum.csproj", "{1B4D557C-8177-4B64-B978-4F722101142C}"
EndProject
Project("{9A19103F-16F7-4668-BE54-9A1E7A4F7556}") = "C#004_Div", "C#004_Div\C#004_Div.csproj", "{D5B1B8B1-4362-4957-BC95-7B9C02A77E9E}"
EndProject
Project("{9A19103F-16F7-4668-BE54-9A1E7A4F7556}") = "C#005_ConditionIfElse", "C#005_ConditionIfElse\C#005_ConditionIfElse.csproj", "{F3E99529-9FBD-4525-8637-B8943FFEF77E}"
EndProject
Project("{9A19103F-16F7-4668-BE54-9A1E7A4F7556}") = "C#006_Base", "C#006_Base\C#006_Base.csproj", "{7BF24D6A-3FFB-4B88-A1AC-F931087B5350}"
EndProject
Project("{9A19103F-16F7-4668-BE54-9A1E7A4F7556}") = "C#007_Magic", "C#007_Magic\C#007_Magic.csproj", "{407D48EE-7130-4691-98EA-DB806A2F0849}"
EndProject
Project("{9A19103F-16F7-4668-BE54-9A1E7A4F7556}") = "C#008_Square", "C#008_Square\C#008_Square.csproj", "{D0FC1150-C3C0-405C-A40C-29FABD04F497}"
EndProject
Project("{9A19103F-16F7-4668-BE54-9A1E7A4F7556}") = "C#009_bill", "C#009_bill\C#009_bill.csproj", "{BA5B8CF2-7DC7-48E8-AC50-D34CA58268C5}"
EndProject
Project("{9A19103F-16F7-4668-BE54-9A1E7A4F7556}") = "C#010_first_to_last", "C#010_first_to_last\C#010_first_to_last.csproj", "{5EE66D62-219C-437B-8F15-22D02302F561}"
EndProject
Project("{FAE04EC0-301F-11D3-BF4B-00C04F79EFBC}") = "C#019_array_classwork", "C#019_array_classwork\C#019_array_classwork.csproj", "{47A9C99B-A18E-4FEF-A6B4-35BD66F05209}"
EndProject
Project("{FAE04EC0-301F-11D3-BF4B-00C04F79EFBC}") = "C#018_class", "C#018_class\C#018_class.csproj", "{10409852-B801-49E8-9BD2-6D87DA61EA47}"
EndProject
Project("{FAE04EC0-301F-11D3-BF4B-00C04F79EFBC}") = "C#017_class", "C#017_class\C#017_class.csproj", "{A30A31B6-0679-4F27-9F36-BF6C8135E42D}"
EndProject
Project("{FAE04EC0-301F-11D3-BF4B-00C04F79EFBC}") = "C#020_class", "C#020_class\C#020_class.csproj", "{1E3A9C1D-3323-4683-8FFC-EB0A2A3A26BC}"
EndProject
Project("{FAE04EC0-301F-11D3-BF4B-00C04F79EFBC}") = "C#016_class", "C#016_class\C#016_class.csproj", "{ED932AD2-BCC4-4DAA-9405-B7A44C0C77ED}"
EndProject
Project("{FAE04EC0-301F-11D3-BF4B-00C04F79EFBC}") = "C#015_Array", "C#015_Array\C#015_Array.csproj", "{CEBA34D8-948F-4B1C-BD56-D3574D43AAA5}"
EndProject
Project("{FAE04EC0-301F-11D3-BF4B-00C04F79EFBC}") = "C#014_IntroMetod", "C#014_IntroMetod\C#014_IntroMetod.csproj", "{AE96E54C-7373-426E-9B66-83614F07668C}"
EndProject
Project("{FAE04EC0-301F-11D3-BF4B-00C04F79EFBC}") = "C#013_last", "C#013_last\C#013_last.csproj", "{0E682DF8-3FE9-4A6B-859C-56181B61113F}"
EndProject
Project("{FAE04EC0-301F-11D3-BF4B-00C04F79EFBC}") = "C#012_Week", "C#012_Week\C#012_Week.csproj", "{4B18EB11-BC09-43C7-83D0-9A33910ECFC9}"
EndProject
Project("{FAE04EC0-301F-11D3-BF4B-00C04F79EFBC}") = "C#011_sqr", "C#011_sqr\C#011_sqr.csproj", "{3C6358D8-6180-4184-A92D-C149FE61CFBA}"
EndProject
Project("{2150E333-8FDC-42A3-9474-1A3956D46DE8}") = "home_work20.11.23", "home_work20.11.23", "{A9FF2A91-ABA9-4FE8-B999-E264289B031C}"
EndProject
Project("{FAE04EC0-301F-11D3-BF4B-00C04F79EFBC}") = "C#001", "home_work20.11.23\C#001\C#001.csproj", "{3E34E18B-04EE-40F1-8843-5344C6B2582E}"
EndProject
Project("{FAE04EC0-301F-11D3-BF4B-00C04F79EFBC}") = "C#002", "home_work20.11.23\C#002\C#002.csproj", "{2A965B27-B05F-4298-8FEF-99C8954B6FEE}"
EndProject
Project("{FAE04EC0-301F-11D3-BF4B-00C04F79EFBC}") = "C#003", "home_work20.11.23\C#003\C#003.csproj", "{83282A62-454D-46A0-8EFF-4BD072A7EAE0}"
EndProject
Project("{FAE04EC0-301F-11D3-BF4B-00C04F79EFBC}") = "C#004", "home_work20.11.23\C#004\C#004.csproj", "{3A9417BC-AC69-45D6-8D1E-DF0D62713B52}"
EndProject
Global
	GlobalSection(SolutionConfigurationPlatforms) = preSolution
		Debug|Any CPU = Debug|Any CPU
		Release|Any CPU = Release|Any CPU
	EndGlobalSection
	GlobalSection(ProjectConfigurationPlatforms) = postSolution
		{F30B1EA4-A4B5-4CF3-AB96-9F7B57532CB3}.Debug|Any CPU.ActiveCfg = Debug|Any CPU
		{F30B1EA4-A4B5-4CF3-AB96-9F7B57532CB3}.Debug|Any CPU.Build.0 = Debug|Any CPU
		{F30B1EA4-A4B5-4CF3-AB96-9F7B57532CB3}.Release|Any CPU.ActiveCfg = Release|Any CPU
		{F30B1EA4-A4B5-4CF3-AB96-9F7B57532CB3}.Release|Any CPU.Build.0 = Release|Any CPU
		{EBF353A6-EFA8-4790-B639-9D2D1F102F9D}.Debug|Any CPU.ActiveCfg = Debug|Any CPU
		{EBF353A6-EFA8-4790-B639-9D2D1F102F9D}.Debug|Any CPU.Build.0 = Debug|Any CPU
		{EBF353A6-EFA8-4790-B639-9D2D1F102F9D}.Release|Any CPU.ActiveCfg = Release|Any CPU
		{EBF353A6-EFA8-4790-B639-9D2D1F102F9D}.Release|Any CPU.Build.0 = Release|Any CPU
		{1B4D557C-8177-4B64-B978-4F722101142C}.Debug|Any CPU.ActiveCfg = Debug|Any CPU
		{1B4D557C-8177-4B64-B978-4F722101142C}.Debug|Any CPU.Build.0 = Debug|Any CPU
		{1B4D557C-8177-4B64-B978-4F722101142C}.Release|Any CPU.ActiveCfg = Release|Any CPU
		{1B4D557C-8177-4B64-B978-4F722101142C}.Release|Any CPU.Build.0 = Release|Any CPU
		{D5B1B8B1-4362-4957-BC95-7B9C02A77E9E}.Debug|Any CPU.ActiveCfg = Debug|Any CPU
		{D5B1B8B1-4362-4957-BC95-7B9C02A77E9E}.Debug|Any CPU.Build.0 = Debug|Any CPU
		{D5B1B8B1-4362-4957-BC95-7B9C02A77E9E}.Release|Any CPU.ActiveCfg = Release|Any CPU
		{D5B1B8B1-4362-4957-BC95-7B9C02A77E9E}.Release|Any CPU.Build.0 = Release|Any CPU
		{F3E99529-9FBD-4525-8637-B8943FFEF77E}.Debug|Any CPU.ActiveCfg = Debug|Any CPU
		{F3E99529-9FBD-4525-8637-B8943FFEF77E}.Debug|Any CPU.Build.0 = Debug|Any CPU
		{F3E99529-9FBD-4525-8637-B8943FFEF77E}.Release|Any CPU.ActiveCfg = Release|Any CPU
		{F3E99529-9FBD-4525-8637-B8943FFEF77E}.Release|Any CPU.Build.0 = Release|Any CPU
		{7BF24D6A-3FFB-4B88-A1AC-F931087B5350}.Debug|Any CPU.ActiveCfg = Debug|Any CPU
		{7BF24D6A-3FFB-4B88-A1AC-F931087B5350}.Debug|Any CPU.Build.0 = Debug|Any CPU
		{7BF24D6A-3FFB-4B88-A1AC-F931087B5350}.Release|Any CPU.ActiveCfg = Release|Any CPU
		{7BF24D6A-3FFB-4B88-A1AC-F931087B5350}.Release|Any CPU.Build.0 = Release|Any CPU
		{407D48EE-7130-4691-98EA-DB806A2F0849}.Debug|Any CPU.ActiveCfg = Debug|Any CPU
		{407D48EE-7130-4691-98EA-DB806A2F0849}.Debug|Any CPU.Build.0 = Debug|Any CPU
		{407D48EE-7130-4691-98EA-DB806A2F0849}.Release|Any CPU.ActiveCfg = Release|Any CPU
		{407D48EE-7130-4691-98EA-DB806A2F0849}.Release|Any CPU.Build.0 = Release|Any CPU
		{D0FC1150-C3C0-405C-A40C-29FABD04F497}.Debug|Any CPU.ActiveCfg = Debug|Any CPU
		{D0FC1150-C3C0-405C-A40C-29FABD04F497}.Debug|Any CPU.Build.0 = Debug|Any CPU
		{D0FC1150-C3C0-405C-A40C-29FABD04F497}.Release|Any CPU.ActiveCfg = Release|Any CPU
		{D0FC1150-C3C0-405C-A40C-29FABD04F497}.Release|Any CPU.Build.0 = Release|Any CPU
		{BA5B8CF2-7DC7-48E8-AC50-D34CA58268C5}.Debug|Any CPU.ActiveCfg = Debug|Any CPU
		{BA5B8CF2-7DC7-48E8-AC50-D34CA58268C5}.Debug|Any CPU.Build.0 = Debug|Any CPU
		{BA5B8CF2-7DC7-48E8-AC50-D34CA58268C5}.Release|Any CPU.ActiveCfg = Release|Any CPU
		{BA5B8CF2-7DC7-48E8-AC50-D34CA58268C5}.Release|Any CPU.Build.0 = Release|Any CPU
		{5EE66D62-219C-437B-8F15-22D02302F561}.Debug|Any CPU.ActiveCfg = Debug|Any CPU
		{5EE66D62-219C-437B-8F15-22D02302F561}.Debug|Any CPU.Build.0 = Debug|Any CPU
		{5EE66D62-219C-437B-8F15-22D02302F561}.Release|Any CPU.ActiveCfg = Release|Any CPU
		{5EE66D62-219C-437B-8F15-22D02302F561}.Release|Any CPU.Build.0 = Release|Any CPU
	EndGlobalSection
	GlobalSection(SolutionProperties) = preSolution
		HideSolutionNode = FALSE
	EndGlobalSection
	GlobalSection(ExtensibilityGlobals) = postSolution
		SolutionGuid = {5B1EF2C1-0C85-4B13-8547-52592ADB8C7C}
	EndGlobalSection
	GlobalSection(NestedProjects) = preSolution
		{3E34E18B-04EE-40F1-8843-5344C6B2582E} = {A9FF2A91-ABA9-4FE8-B999-E264289B031C}
		{2A965B27-B05F-4298-8FEF-99C8954B6FEE} = {A9FF2A91-ABA9-4FE8-B999-E264289B031C}
		{83282A62-454D-46A0-8EFF-4BD072A7EAE0} = {A9FF2A91-ABA9-4FE8-B999-E264289B031C}
		{3A9417BC-AC69-45D6-8D1E-DF0D62713B52} = {A9FF2A91-ABA9-4FE8-B999-E264289B031C}
	EndGlobalSection
EndGlobal
