
Microsoft Visual Studio Solution File, Format Version 12.00
# Visual Studio Version 17
VisualStudioVersion = 17.5.002.0
MinimumVisualStudioVersion = 10.0.40219.1
Project("{9A19103F-16F7-4668-BE54-9A1E7A4F7556}") = "C#001_HelloConsole", "C#001_HelloConsole\C#001_HelloConsole.csproj", "{EDABDD93-567D-4F8E-B9C8-ECC1CD25B38C}"
EndProject
Project("{9A19103F-16F7-4668-BE54-9A1E7A4F7556}") = "C#002_HelloUser", "C#002_HelloUser\C#002_HelloUser.csproj", "{F1B827EC-5809-415C-95FA-824B9DAE7283}"
EndProject
Project("{9A19103F-16F7-4668-BE54-9A1E7A4F7556}") = "C#003_Sum", "C#003_Sum\C#003_Sum.csproj", "{7C4B972E-3702-4248-969E-2EA9A00E5B62}"
EndProject
Project("{9A19103F-16F7-4668-BE54-9A1E7A4F7556}") = "C#004_Div", "C#004_Div\C#004_Div.csproj", "{58BA971A-D923-43F3-BF3E-837820588E0A}"
EndProject
Project("{9A19103F-16F7-4668-BE54-9A1E7A4F7556}") = "C#005_ConditionIfElse", "C#005_ConditionIfElse\C#005_ConditionIfElse.csproj", "{76922450-47DF-4E2C-A317-83A3E5024407}"
EndProject
Project("{9A19103F-16F7-4668-BE54-9A1E7A4F7556}") = "C#006_Base", "C#006_Base\C#006_Base.csproj", "{5EF541CE-FE47-44CA-8111-732AED27FF4A}"
EndProject
Project("{9A19103F-16F7-4668-BE54-9A1E7A4F7556}") = "C#007_Magic", "C#007_Magic\C#007_Magic.csproj", "{F7B850FC-E8E7-4AB7-A5FD-B39F55CECA15}"
EndProject
Project("{9A19103F-16F7-4668-BE54-9A1E7A4F7556}") = "C#008_Square", "C#008_Square\C#008_Square.csproj", "{200C407F-AB00-4C4D-B934-6B37E148F2C4}"
EndProject
Project("{9A19103F-16F7-4668-BE54-9A1E7A4F7556}") = "C#009_bill", "C#009_bill\C#009_bill.csproj", "{FDA9045C-13A0-4624-8EAC-60C3DEE3AA7F}"
EndProject
Project("{9A19103F-16F7-4668-BE54-9A1E7A4F7556}") = "C#010_first_to_last", "C#010_first_to_last\C#010_first_to_last.csproj", "{2606D22E-32AC-4880-8BA9-332D27274198}"
EndProject
Project("{9A19103F-16F7-4668-BE54-9A1E7A4F7556}") = "C#011_sqr", "C#011_sqr\C#011_sqr.csproj", "{5F013D25-8AA0-4C56-9341-9095649596B6}"
EndProject
Project("{9A19103F-16F7-4668-BE54-9A1E7A4F7556}") = "C#012_Week", "C#012_Week\C#012_Week.csproj", "{1DC2E71C-0EF9-4432-B32C-07274E31CEDB}"
EndProject
Project("{9A19103F-16F7-4668-BE54-9A1E7A4F7556}") = "C#013_last", "C#013_last\C#013_last.csproj", "{EB841C4A-AAF7-4531-827E-11621736A96F}"
EndProject
Project("{9A19103F-16F7-4668-BE54-9A1E7A4F7556}") = "C#014_IntroMetod", "C#014_IntroMetod\C#014_IntroMetod.csproj", "{A617761F-E3C1-463B-AF4A-0B4B46BDAFEF}"
EndProject
Project("{9A19103F-16F7-4668-BE54-9A1E7A4F7556}") = "C#015_Array", "C#015_Array\C#015_Array.csproj", "{9C40FD89-2F48-43DF-BB61-F80B00C836E4}"
EndProject
Project("{9A19103F-16F7-4668-BE54-9A1E7A4F7556}") = "C#016_class", "C#016_class\C#016_class.csproj", "{7EAE40D1-2499-436C-8953-AC1AFAD5A82C}"
EndProject
Project("{9A19103F-16F7-4668-BE54-9A1E7A4F7556}") = "C#017_class", "C#017_class\C#017_class.csproj", "{F1957D94-AAEA-41AB-BC12-47DD7FE80EFF}"
EndProject
Project("{9A19103F-16F7-4668-BE54-9A1E7A4F7556}") = "C#018_class", "C#018_class\C#018_class.csproj", "{93C46FD0-BDB6-4C6E-81E4-C32147CD1C2B}"
EndProject
Project("{9A19103F-16F7-4668-BE54-9A1E7A4F7556}") = "C#019_array_classwork", "C#019_array_classwork\C#019_array_classwork.csproj", "{D2CB3087-CAC9-4871-9773-0A7B570A9536}"
EndProject
Project("{9A19103F-16F7-4668-BE54-9A1E7A4F7556}") = "C#020_class", "C#020_class\C#020_class.csproj", "{C301364D-172B-49AB-BF6C-D1C598CC1C04}"
EndProject
Project("{9A19103F-16F7-4668-BE54-9A1E7A4F7556}") = "C#021_method", "C#021_method\C#021_method.csproj", "{CF875881-A649-4A81-B52A-41A5BB1F1827}"
EndProject
Project("{9A19103F-16F7-4668-BE54-9A1E7A4F7556}") = "C#022_regulariseArray", "C#022_regulariseArray\C#022_regulariseArray.csproj", "{21C8DAE2-ED41-47EA-A73E-053BA95C4CB4}"
EndProject
Project("{9A19103F-16F7-4668-BE54-9A1E7A4F7556}") = "C#023_regulariseArrayRevers", "C#023_regulariseArrayRevers\C#023_regulariseArrayRevers.csproj", "{AC07FCB9-8BBB-4919-B6AC-6CEC8F2D1C0F}"
EndProject
Project("{9A19103F-16F7-4668-BE54-9A1E7A4F7556}") = "C#024_class", "C#024_class\C#024_class.csproj", "{61698665-FF95-46CC-B256-355A5DBDF23B}"
EndProject
Project("{9A19103F-16F7-4668-BE54-9A1E7A4F7556}") = "C#025_class", "C#025_class\C#025_class.csproj", "{0F98708A-7A78-42AC-B647-064BA496812D}"
EndProject
Project("{9A19103F-16F7-4668-BE54-9A1E7A4F7556}") = "C#026_class", "C#026_class\C#026_class.csproj", "{A63DC538-542E-44A5-B3E4-210513B95E39}"
EndProject
Project("{9A19103F-16F7-4668-BE54-9A1E7A4F7556}") = "C#027_2darray", "C#027_2darray\C#027_2darray.csproj", "{A8A43163-7720-4CBC-BFDF-BB6717ECD85C}"
EndProject
Project("{9A19103F-16F7-4668-BE54-9A1E7A4F7556}") = "C#028_class", "C#028_class\C#028_class.csproj", "{11573DD3-3889-4876-B159-6D7376509310}"
EndProject
Project("{9A19103F-16F7-4668-BE54-9A1E7A4F7556}") = "C#029_class", "C#029_class\C#029_class.csproj", "{395F2B2F-EE4C-474A-82B9-8D3167B98983}"
EndProject
Project("{9A19103F-16F7-4668-BE54-9A1E7A4F7556}") = "C#030_class", "C#030_class\C#030_class.csproj", "{C9356E1E-3C8C-45AE-BF63-F6C08B8E25A3}"
EndProject
Project("{9A19103F-16F7-4668-BE54-9A1E7A4F7556}") = "methods", "methods\methods.csproj", "{7AB495D7-CEEE-4611-9484-8BCAB6C8646E}"
EndProject
Project("{2150E333-8FDC-42A3-9474-1A3956D46DE8}") = "bootkemp", "bootkemp", "{626B37E6-B84B-4DF8-8695-85F985605E48}"
EndProject
Project("{9A19103F-16F7-4668-BE54-9A1E7A4F7556}") = "C#001", "bootkemp\C#001\C#001.csproj", "{C3AF244E-D93B-40AF-AD26-7A32FC4FFC5E}"
EndProject
Project("{9A19103F-16F7-4668-BE54-9A1E7A4F7556}") = "C#002", "bootkemp\C#002\C#002.csproj", "{7D925AE9-AA1A-4BF1-9A13-2B8591A4D65C}"
EndProject
Project("{9A19103F-16F7-4668-BE54-9A1E7A4F7556}") = "C#003", "bootkemp\C#003\C#003.csproj", "{959EF7BB-BB70-4002-8784-1DB97EB63759}"
EndProject
Project("{2150E333-8FDC-42A3-9474-1A3956D46DE8}") = "home_work20.11.23", "home_work20.11.23", "{F69ADBA4-76C2-4005-BB8F-9BFFD42412B3}"
EndProject
Project("{9A19103F-16F7-4668-BE54-9A1E7A4F7556}") = "C#001", "home_work20.11.23\C#001\C#001.csproj", "{F4D6966D-82A7-4C46-ADD3-8F104B6A4411}"
EndProject
Project("{9A19103F-16F7-4668-BE54-9A1E7A4F7556}") = "C#002", "home_work20.11.23\C#002\C#002.csproj", "{0A62B390-EEE7-4D09-A7ED-BC9846120C26}"
EndProject
Project("{9A19103F-16F7-4668-BE54-9A1E7A4F7556}") = "C#003", "home_work20.11.23\C#003\C#003.csproj", "{2F9FE181-EB4A-4407-9C15-E20EEC13A407}"
EndProject
Project("{9A19103F-16F7-4668-BE54-9A1E7A4F7556}") = "C#004", "home_work20.11.23\C#004\C#004.csproj", "{9C5C21F8-7253-4971-BBA3-266AA87FBB23}"
EndProject
Project("{2150E333-8FDC-42A3-9474-1A3956D46DE8}") = "home_work24.11.23", "home_work24.11.23", "{60979DA1-BFFC-45A3-94A2-9244D431E6EE}"
EndProject
Project("{9A19103F-16F7-4668-BE54-9A1E7A4F7556}") = "C#001", "home_work24.11.23\C#001\C#001.csproj", "{BF7D6229-39CF-46EB-887F-7C0950D0E214}"
EndProject
Project("{9A19103F-16F7-4668-BE54-9A1E7A4F7556}") = "C#002", "home_work24.11.23\C#002\C#002.csproj", "{8B6791BA-E668-4DD5-B12D-3C1B140FBB52}"
EndProject
Project("{9A19103F-16F7-4668-BE54-9A1E7A4F7556}") = "C#003", "home_work24.11.23\C#003\C#003.csproj", "{E093E26F-B5B1-4EDF-9F83-D0CC317DD21D}"
EndProject
Project("{9A19103F-16F7-4668-BE54-9A1E7A4F7556}") = "C#004", "home_work24.11.23\C#004\C#004.csproj", "{5B48DA0F-5C19-461B-A8B3-32389C7392C3}"
EndProject
Project("{2150E333-8FDC-42A3-9474-1A3956D46DE8}") = "home_work27.11.23", "home_work27.11.23", "{D39D1744-5FAB-49F4-8440-38C28D0F94BB}"
EndProject
Project("{9A19103F-16F7-4668-BE54-9A1E7A4F7556}") = "C#001", "home_work27.11.23\C#001\C#001.csproj", "{2E673D9C-A5EC-45AF-A178-346EA53419C4}"
EndProject
Project("{9A19103F-16F7-4668-BE54-9A1E7A4F7556}") = "C#002", "home_work27.11.23\C#002\C#002.csproj", "{7306A63F-5690-41E3-8E10-536B75A59C28}"
EndProject
Project("{9A19103F-16F7-4668-BE54-9A1E7A4F7556}") = "C#003", "home_work27.11.23\C#003\C#003.csproj", "{8A08AD4F-C895-4D4D-8AF1-46405298AC39}"
EndProject
Project("{2150E333-8FDC-42A3-9474-1A3956D46DE8}") = "home_work01.12.23", "home_work01.12.23", "{44C8C1E1-AC04-47E9-9136-8007BF72A38E}"
EndProject
Project("{2150E333-8FDC-42A3-9474-1A3956D46DE8}") = "home_work01.12.23", "home_work01.12.23", "{3288ABF7-9A9E-4BCE-B0DB-2429A42BCC64}"
EndProject
Project("{9A19103F-16F7-4668-BE54-9A1E7A4F7556}") = "C#001", "home_work01.12.23\home_work01.12.23\C#001\C#001.csproj", "{901051B1-3709-45CE-9A36-710AD5B5AD79}"
EndProject
Project("{9A19103F-16F7-4668-BE54-9A1E7A4F7556}") = "C#002", "home_work01.12.23\home_work01.12.23\C#002\C#002.csproj", "{B279D991-C530-4256-B3DB-2B0A37A28AD5}"
EndProject
Project("{9A19103F-16F7-4668-BE54-9A1E7A4F7556}") = "C#003", "home_work01.12.23\home_work01.12.23\C#003\C#003.csproj", "{A59256B3-58D2-461D-8BF6-9C1740FB59D1}"
EndProject
Project("{9A19103F-16F7-4668-BE54-9A1E7A4F7556}") = "C#004", "home_work01.12.23\home_work01.12.23\C#004\C#004.csproj", "{179E741B-7767-41AB-9194-343794D8CF94}"
EndProject
Global
	GlobalSection(SolutionConfigurationPlatforms) = preSolution
		Debug|Any CPU = Debug|Any CPU
		Release|Any CPU = Release|Any CPU
	EndGlobalSection
	GlobalSection(ProjectConfigurationPlatforms) = postSolution
		{EDABDD93-567D-4F8E-B9C8-ECC1CD25B38C}.Debug|Any CPU.ActiveCfg = Debug|Any CPU
		{EDABDD93-567D-4F8E-B9C8-ECC1CD25B38C}.Debug|Any CPU.Build.0 = Debug|Any CPU
		{EDABDD93-567D-4F8E-B9C8-ECC1CD25B38C}.Release|Any CPU.ActiveCfg = Release|Any CPU
		{EDABDD93-567D-4F8E-B9C8-ECC1CD25B38C}.Release|Any CPU.Build.0 = Release|Any CPU
		{F1B827EC-5809-415C-95FA-824B9DAE7283}.Debug|Any CPU.ActiveCfg = Debug|Any CPU
		{F1B827EC-5809-415C-95FA-824B9DAE7283}.Debug|Any CPU.Build.0 = Debug|Any CPU
		{F1B827EC-5809-415C-95FA-824B9DAE7283}.Release|Any CPU.ActiveCfg = Release|Any CPU
		{F1B827EC-5809-415C-95FA-824B9DAE7283}.Release|Any CPU.Build.0 = Release|Any CPU
		{7C4B972E-3702-4248-969E-2EA9A00E5B62}.Debug|Any CPU.ActiveCfg = Debug|Any CPU
		{7C4B972E-3702-4248-969E-2EA9A00E5B62}.Debug|Any CPU.Build.0 = Debug|Any CPU
		{7C4B972E-3702-4248-969E-2EA9A00E5B62}.Release|Any CPU.ActiveCfg = Release|Any CPU
		{7C4B972E-3702-4248-969E-2EA9A00E5B62}.Release|Any CPU.Build.0 = Release|Any CPU
		{58BA971A-D923-43F3-BF3E-837820588E0A}.Debug|Any CPU.ActiveCfg = Debug|Any CPU
		{58BA971A-D923-43F3-BF3E-837820588E0A}.Debug|Any CPU.Build.0 = Debug|Any CPU
		{58BA971A-D923-43F3-BF3E-837820588E0A}.Release|Any CPU.ActiveCfg = Release|Any CPU
		{58BA971A-D923-43F3-BF3E-837820588E0A}.Release|Any CPU.Build.0 = Release|Any CPU
		{76922450-47DF-4E2C-A317-83A3E5024407}.Debug|Any CPU.ActiveCfg = Debug|Any CPU
		{76922450-47DF-4E2C-A317-83A3E5024407}.Debug|Any CPU.Build.0 = Debug|Any CPU
		{76922450-47DF-4E2C-A317-83A3E5024407}.Release|Any CPU.ActiveCfg = Release|Any CPU
		{76922450-47DF-4E2C-A317-83A3E5024407}.Release|Any CPU.Build.0 = Release|Any CPU
		{5EF541CE-FE47-44CA-8111-732AED27FF4A}.Debug|Any CPU.ActiveCfg = Debug|Any CPU
		{5EF541CE-FE47-44CA-8111-732AED27FF4A}.Debug|Any CPU.Build.0 = Debug|Any CPU
		{5EF541CE-FE47-44CA-8111-732AED27FF4A}.Release|Any CPU.ActiveCfg = Release|Any CPU
		{5EF541CE-FE47-44CA-8111-732AED27FF4A}.Release|Any CPU.Build.0 = Release|Any CPU
		{F7B850FC-E8E7-4AB7-A5FD-B39F55CECA15}.Debug|Any CPU.ActiveCfg = Debug|Any CPU
		{F7B850FC-E8E7-4AB7-A5FD-B39F55CECA15}.Debug|Any CPU.Build.0 = Debug|Any CPU
		{F7B850FC-E8E7-4AB7-A5FD-B39F55CECA15}.Release|Any CPU.ActiveCfg = Release|Any CPU
		{F7B850FC-E8E7-4AB7-A5FD-B39F55CECA15}.Release|Any CPU.Build.0 = Release|Any CPU
		{200C407F-AB00-4C4D-B934-6B37E148F2C4}.Debug|Any CPU.ActiveCfg = Debug|Any CPU
		{200C407F-AB00-4C4D-B934-6B37E148F2C4}.Debug|Any CPU.Build.0 = Debug|Any CPU
		{200C407F-AB00-4C4D-B934-6B37E148F2C4}.Release|Any CPU.ActiveCfg = Release|Any CPU
		{200C407F-AB00-4C4D-B934-6B37E148F2C4}.Release|Any CPU.Build.0 = Release|Any CPU
		{FDA9045C-13A0-4624-8EAC-60C3DEE3AA7F}.Debug|Any CPU.ActiveCfg = Debug|Any CPU
		{FDA9045C-13A0-4624-8EAC-60C3DEE3AA7F}.Debug|Any CPU.Build.0 = Debug|Any CPU
		{FDA9045C-13A0-4624-8EAC-60C3DEE3AA7F}.Release|Any CPU.ActiveCfg = Release|Any CPU
		{FDA9045C-13A0-4624-8EAC-60C3DEE3AA7F}.Release|Any CPU.Build.0 = Release|Any CPU
		{2606D22E-32AC-4880-8BA9-332D27274198}.Debug|Any CPU.ActiveCfg = Debug|Any CPU
		{2606D22E-32AC-4880-8BA9-332D27274198}.Debug|Any CPU.Build.0 = Debug|Any CPU
		{2606D22E-32AC-4880-8BA9-332D27274198}.Release|Any CPU.ActiveCfg = Release|Any CPU
		{2606D22E-32AC-4880-8BA9-332D27274198}.Release|Any CPU.Build.0 = Release|Any CPU
		{5F013D25-8AA0-4C56-9341-9095649596B6}.Debug|Any CPU.ActiveCfg = Debug|Any CPU
		{5F013D25-8AA0-4C56-9341-9095649596B6}.Debug|Any CPU.Build.0 = Debug|Any CPU
		{5F013D25-8AA0-4C56-9341-9095649596B6}.Release|Any CPU.ActiveCfg = Release|Any CPU
		{5F013D25-8AA0-4C56-9341-9095649596B6}.Release|Any CPU.Build.0 = Release|Any CPU
		{1DC2E71C-0EF9-4432-B32C-07274E31CEDB}.Debug|Any CPU.ActiveCfg = Debug|Any CPU
		{1DC2E71C-0EF9-4432-B32C-07274E31CEDB}.Debug|Any CPU.Build.0 = Debug|Any CPU
		{1DC2E71C-0EF9-4432-B32C-07274E31CEDB}.Release|Any CPU.ActiveCfg = Release|Any CPU
		{1DC2E71C-0EF9-4432-B32C-07274E31CEDB}.Release|Any CPU.Build.0 = Release|Any CPU
		{EB841C4A-AAF7-4531-827E-11621736A96F}.Debug|Any CPU.ActiveCfg = Debug|Any CPU
		{EB841C4A-AAF7-4531-827E-11621736A96F}.Debug|Any CPU.Build.0 = Debug|Any CPU
		{EB841C4A-AAF7-4531-827E-11621736A96F}.Release|Any CPU.ActiveCfg = Release|Any CPU
		{EB841C4A-AAF7-4531-827E-11621736A96F}.Release|Any CPU.Build.0 = Release|Any CPU
		{A617761F-E3C1-463B-AF4A-0B4B46BDAFEF}.Debug|Any CPU.ActiveCfg = Debug|Any CPU
		{A617761F-E3C1-463B-AF4A-0B4B46BDAFEF}.Debug|Any CPU.Build.0 = Debug|Any CPU
		{A617761F-E3C1-463B-AF4A-0B4B46BDAFEF}.Release|Any CPU.ActiveCfg = Release|Any CPU
		{A617761F-E3C1-463B-AF4A-0B4B46BDAFEF}.Release|Any CPU.Build.0 = Release|Any CPU
		{9C40FD89-2F48-43DF-BB61-F80B00C836E4}.Debug|Any CPU.ActiveCfg = Debug|Any CPU
		{9C40FD89-2F48-43DF-BB61-F80B00C836E4}.Debug|Any CPU.Build.0 = Debug|Any CPU
		{9C40FD89-2F48-43DF-BB61-F80B00C836E4}.Release|Any CPU.ActiveCfg = Release|Any CPU
		{9C40FD89-2F48-43DF-BB61-F80B00C836E4}.Release|Any CPU.Build.0 = Release|Any CPU
		{7EAE40D1-2499-436C-8953-AC1AFAD5A82C}.Debug|Any CPU.ActiveCfg = Debug|Any CPU
		{7EAE40D1-2499-436C-8953-AC1AFAD5A82C}.Debug|Any CPU.Build.0 = Debug|Any CPU
		{7EAE40D1-2499-436C-8953-AC1AFAD5A82C}.Release|Any CPU.ActiveCfg = Release|Any CPU
		{7EAE40D1-2499-436C-8953-AC1AFAD5A82C}.Release|Any CPU.Build.0 = Release|Any CPU
		{F1957D94-AAEA-41AB-BC12-47DD7FE80EFF}.Debug|Any CPU.ActiveCfg = Debug|Any CPU
		{F1957D94-AAEA-41AB-BC12-47DD7FE80EFF}.Debug|Any CPU.Build.0 = Debug|Any CPU
		{F1957D94-AAEA-41AB-BC12-47DD7FE80EFF}.Release|Any CPU.ActiveCfg = Release|Any CPU
		{F1957D94-AAEA-41AB-BC12-47DD7FE80EFF}.Release|Any CPU.Build.0 = Release|Any CPU
		{93C46FD0-BDB6-4C6E-81E4-C32147CD1C2B}.Debug|Any CPU.ActiveCfg = Debug|Any CPU
		{93C46FD0-BDB6-4C6E-81E4-C32147CD1C2B}.Debug|Any CPU.Build.0 = Debug|Any CPU
		{93C46FD0-BDB6-4C6E-81E4-C32147CD1C2B}.Release|Any CPU.ActiveCfg = Release|Any CPU
		{93C46FD0-BDB6-4C6E-81E4-C32147CD1C2B}.Release|Any CPU.Build.0 = Release|Any CPU
		{D2CB3087-CAC9-4871-9773-0A7B570A9536}.Debug|Any CPU.ActiveCfg = Debug|Any CPU
		{D2CB3087-CAC9-4871-9773-0A7B570A9536}.Debug|Any CPU.Build.0 = Debug|Any CPU
		{D2CB3087-CAC9-4871-9773-0A7B570A9536}.Release|Any CPU.ActiveCfg = Release|Any CPU
		{D2CB3087-CAC9-4871-9773-0A7B570A9536}.Release|Any CPU.Build.0 = Release|Any CPU
		{C301364D-172B-49AB-BF6C-D1C598CC1C04}.Debug|Any CPU.ActiveCfg = Debug|Any CPU
		{C301364D-172B-49AB-BF6C-D1C598CC1C04}.Debug|Any CPU.Build.0 = Debug|Any CPU
		{C301364D-172B-49AB-BF6C-D1C598CC1C04}.Release|Any CPU.ActiveCfg = Release|Any CPU
		{C301364D-172B-49AB-BF6C-D1C598CC1C04}.Release|Any CPU.Build.0 = Release|Any CPU
		{CF875881-A649-4A81-B52A-41A5BB1F1827}.Debug|Any CPU.ActiveCfg = Debug|Any CPU
		{CF875881-A649-4A81-B52A-41A5BB1F1827}.Debug|Any CPU.Build.0 = Debug|Any CPU
		{CF875881-A649-4A81-B52A-41A5BB1F1827}.Release|Any CPU.ActiveCfg = Release|Any CPU
		{CF875881-A649-4A81-B52A-41A5BB1F1827}.Release|Any CPU.Build.0 = Release|Any CPU
		{21C8DAE2-ED41-47EA-A73E-053BA95C4CB4}.Debug|Any CPU.ActiveCfg = Debug|Any CPU
		{21C8DAE2-ED41-47EA-A73E-053BA95C4CB4}.Debug|Any CPU.Build.0 = Debug|Any CPU
		{21C8DAE2-ED41-47EA-A73E-053BA95C4CB4}.Release|Any CPU.ActiveCfg = Release|Any CPU
		{21C8DAE2-ED41-47EA-A73E-053BA95C4CB4}.Release|Any CPU.Build.0 = Release|Any CPU
		{AC07FCB9-8BBB-4919-B6AC-6CEC8F2D1C0F}.Debug|Any CPU.ActiveCfg = Debug|Any CPU
		{AC07FCB9-8BBB-4919-B6AC-6CEC8F2D1C0F}.Debug|Any CPU.Build.0 = Debug|Any CPU
		{AC07FCB9-8BBB-4919-B6AC-6CEC8F2D1C0F}.Release|Any CPU.ActiveCfg = Release|Any CPU
		{AC07FCB9-8BBB-4919-B6AC-6CEC8F2D1C0F}.Release|Any CPU.Build.0 = Release|Any CPU
		{61698665-FF95-46CC-B256-355A5DBDF23B}.Debug|Any CPU.ActiveCfg = Debug|Any CPU
		{61698665-FF95-46CC-B256-355A5DBDF23B}.Debug|Any CPU.Build.0 = Debug|Any CPU
		{61698665-FF95-46CC-B256-355A5DBDF23B}.Release|Any CPU.ActiveCfg = Release|Any CPU
		{61698665-FF95-46CC-B256-355A5DBDF23B}.Release|Any CPU.Build.0 = Release|Any CPU
		{0F98708A-7A78-42AC-B647-064BA496812D}.Debug|Any CPU.ActiveCfg = Debug|Any CPU
		{0F98708A-7A78-42AC-B647-064BA496812D}.Debug|Any CPU.Build.0 = Debug|Any CPU
		{0F98708A-7A78-42AC-B647-064BA496812D}.Release|Any CPU.ActiveCfg = Release|Any CPU
		{0F98708A-7A78-42AC-B647-064BA496812D}.Release|Any CPU.Build.0 = Release|Any CPU
		{A63DC538-542E-44A5-B3E4-210513B95E39}.Debug|Any CPU.ActiveCfg = Debug|Any CPU
		{A63DC538-542E-44A5-B3E4-210513B95E39}.Debug|Any CPU.Build.0 = Debug|Any CPU
		{A63DC538-542E-44A5-B3E4-210513B95E39}.Release|Any CPU.ActiveCfg = Release|Any CPU
		{A63DC538-542E-44A5-B3E4-210513B95E39}.Release|Any CPU.Build.0 = Release|Any CPU
		{A8A43163-7720-4CBC-BFDF-BB6717ECD85C}.Debug|Any CPU.ActiveCfg = Debug|Any CPU
		{A8A43163-7720-4CBC-BFDF-BB6717ECD85C}.Debug|Any CPU.Build.0 = Debug|Any CPU
		{A8A43163-7720-4CBC-BFDF-BB6717ECD85C}.Release|Any CPU.ActiveCfg = Release|Any CPU
		{A8A43163-7720-4CBC-BFDF-BB6717ECD85C}.Release|Any CPU.Build.0 = Release|Any CPU
		{11573DD3-3889-4876-B159-6D7376509310}.Debug|Any CPU.ActiveCfg = Debug|Any CPU
		{11573DD3-3889-4876-B159-6D7376509310}.Debug|Any CPU.Build.0 = Debug|Any CPU
		{11573DD3-3889-4876-B159-6D7376509310}.Release|Any CPU.ActiveCfg = Release|Any CPU
		{11573DD3-3889-4876-B159-6D7376509310}.Release|Any CPU.Build.0 = Release|Any CPU
		{395F2B2F-EE4C-474A-82B9-8D3167B98983}.Debug|Any CPU.ActiveCfg = Debug|Any CPU
		{395F2B2F-EE4C-474A-82B9-8D3167B98983}.Debug|Any CPU.Build.0 = Debug|Any CPU
		{395F2B2F-EE4C-474A-82B9-8D3167B98983}.Release|Any CPU.ActiveCfg = Release|Any CPU
		{395F2B2F-EE4C-474A-82B9-8D3167B98983}.Release|Any CPU.Build.0 = Release|Any CPU
		{C9356E1E-3C8C-45AE-BF63-F6C08B8E25A3}.Debug|Any CPU.ActiveCfg = Debug|Any CPU
		{C9356E1E-3C8C-45AE-BF63-F6C08B8E25A3}.Debug|Any CPU.Build.0 = Debug|Any CPU
		{C9356E1E-3C8C-45AE-BF63-F6C08B8E25A3}.Release|Any CPU.ActiveCfg = Release|Any CPU
		{C9356E1E-3C8C-45AE-BF63-F6C08B8E25A3}.Release|Any CPU.Build.0 = Release|Any CPU
		{7AB495D7-CEEE-4611-9484-8BCAB6C8646E}.Debug|Any CPU.ActiveCfg = Debug|Any CPU
		{7AB495D7-CEEE-4611-9484-8BCAB6C8646E}.Debug|Any CPU.Build.0 = Debug|Any CPU
		{7AB495D7-CEEE-4611-9484-8BCAB6C8646E}.Release|Any CPU.ActiveCfg = Release|Any CPU
		{7AB495D7-CEEE-4611-9484-8BCAB6C8646E}.Release|Any CPU.Build.0 = Release|Any CPU
		{C3AF244E-D93B-40AF-AD26-7A32FC4FFC5E}.Debug|Any CPU.ActiveCfg = Debug|Any CPU
		{C3AF244E-D93B-40AF-AD26-7A32FC4FFC5E}.Debug|Any CPU.Build.0 = Debug|Any CPU
		{C3AF244E-D93B-40AF-AD26-7A32FC4FFC5E}.Release|Any CPU.ActiveCfg = Release|Any CPU
		{C3AF244E-D93B-40AF-AD26-7A32FC4FFC5E}.Release|Any CPU.Build.0 = Release|Any CPU
		{7D925AE9-AA1A-4BF1-9A13-2B8591A4D65C}.Debug|Any CPU.ActiveCfg = Debug|Any CPU
		{7D925AE9-AA1A-4BF1-9A13-2B8591A4D65C}.Debug|Any CPU.Build.0 = Debug|Any CPU
		{7D925AE9-AA1A-4BF1-9A13-2B8591A4D65C}.Release|Any CPU.ActiveCfg = Release|Any CPU
		{7D925AE9-AA1A-4BF1-9A13-2B8591A4D65C}.Release|Any CPU.Build.0 = Release|Any CPU
		{959EF7BB-BB70-4002-8784-1DB97EB63759}.Debug|Any CPU.ActiveCfg = Debug|Any CPU
		{959EF7BB-BB70-4002-8784-1DB97EB63759}.Debug|Any CPU.Build.0 = Debug|Any CPU
		{959EF7BB-BB70-4002-8784-1DB97EB63759}.Release|Any CPU.ActiveCfg = Release|Any CPU
		{959EF7BB-BB70-4002-8784-1DB97EB63759}.Release|Any CPU.Build.0 = Release|Any CPU
		{F4D6966D-82A7-4C46-ADD3-8F104B6A4411}.Debug|Any CPU.ActiveCfg = Debug|Any CPU
		{F4D6966D-82A7-4C46-ADD3-8F104B6A4411}.Debug|Any CPU.Build.0 = Debug|Any CPU
		{F4D6966D-82A7-4C46-ADD3-8F104B6A4411}.Release|Any CPU.ActiveCfg = Release|Any CPU
		{F4D6966D-82A7-4C46-ADD3-8F104B6A4411}.Release|Any CPU.Build.0 = Release|Any CPU
		{0A62B390-EEE7-4D09-A7ED-BC9846120C26}.Debug|Any CPU.ActiveCfg = Debug|Any CPU
		{0A62B390-EEE7-4D09-A7ED-BC9846120C26}.Debug|Any CPU.Build.0 = Debug|Any CPU
		{0A62B390-EEE7-4D09-A7ED-BC9846120C26}.Release|Any CPU.ActiveCfg = Release|Any CPU
		{0A62B390-EEE7-4D09-A7ED-BC9846120C26}.Release|Any CPU.Build.0 = Release|Any CPU
		{2F9FE181-EB4A-4407-9C15-E20EEC13A407}.Debug|Any CPU.ActiveCfg = Debug|Any CPU
		{2F9FE181-EB4A-4407-9C15-E20EEC13A407}.Debug|Any CPU.Build.0 = Debug|Any CPU
		{2F9FE181-EB4A-4407-9C15-E20EEC13A407}.Release|Any CPU.ActiveCfg = Release|Any CPU
		{2F9FE181-EB4A-4407-9C15-E20EEC13A407}.Release|Any CPU.Build.0 = Release|Any CPU
		{9C5C21F8-7253-4971-BBA3-266AA87FBB23}.Debug|Any CPU.ActiveCfg = Debug|Any CPU
		{9C5C21F8-7253-4971-BBA3-266AA87FBB23}.Debug|Any CPU.Build.0 = Debug|Any CPU
		{9C5C21F8-7253-4971-BBA3-266AA87FBB23}.Release|Any CPU.ActiveCfg = Release|Any CPU
		{9C5C21F8-7253-4971-BBA3-266AA87FBB23}.Release|Any CPU.Build.0 = Release|Any CPU
		{BF7D6229-39CF-46EB-887F-7C0950D0E214}.Debug|Any CPU.ActiveCfg = Debug|Any CPU
		{BF7D6229-39CF-46EB-887F-7C0950D0E214}.Debug|Any CPU.Build.0 = Debug|Any CPU
		{BF7D6229-39CF-46EB-887F-7C0950D0E214}.Release|Any CPU.ActiveCfg = Release|Any CPU
		{BF7D6229-39CF-46EB-887F-7C0950D0E214}.Release|Any CPU.Build.0 = Release|Any CPU
		{8B6791BA-E668-4DD5-B12D-3C1B140FBB52}.Debug|Any CPU.ActiveCfg = Debug|Any CPU
		{8B6791BA-E668-4DD5-B12D-3C1B140FBB52}.Debug|Any CPU.Build.0 = Debug|Any CPU
		{8B6791BA-E668-4DD5-B12D-3C1B140FBB52}.Release|Any CPU.ActiveCfg = Release|Any CPU
		{8B6791BA-E668-4DD5-B12D-3C1B140FBB52}.Release|Any CPU.Build.0 = Release|Any CPU
		{E093E26F-B5B1-4EDF-9F83-D0CC317DD21D}.Debug|Any CPU.ActiveCfg = Debug|Any CPU
		{E093E26F-B5B1-4EDF-9F83-D0CC317DD21D}.Debug|Any CPU.Build.0 = Debug|Any CPU
		{E093E26F-B5B1-4EDF-9F83-D0CC317DD21D}.Release|Any CPU.ActiveCfg = Release|Any CPU
		{E093E26F-B5B1-4EDF-9F83-D0CC317DD21D}.Release|Any CPU.Build.0 = Release|Any CPU
		{5B48DA0F-5C19-461B-A8B3-32389C7392C3}.Debug|Any CPU.ActiveCfg = Debug|Any CPU
		{5B48DA0F-5C19-461B-A8B3-32389C7392C3}.Debug|Any CPU.Build.0 = Debug|Any CPU
		{5B48DA0F-5C19-461B-A8B3-32389C7392C3}.Release|Any CPU.ActiveCfg = Release|Any CPU
		{5B48DA0F-5C19-461B-A8B3-32389C7392C3}.Release|Any CPU.Build.0 = Release|Any CPU
		{2E673D9C-A5EC-45AF-A178-346EA53419C4}.Debug|Any CPU.ActiveCfg = Debug|Any CPU
		{2E673D9C-A5EC-45AF-A178-346EA53419C4}.Debug|Any CPU.Build.0 = Debug|Any CPU
		{2E673D9C-A5EC-45AF-A178-346EA53419C4}.Release|Any CPU.ActiveCfg = Release|Any CPU
		{2E673D9C-A5EC-45AF-A178-346EA53419C4}.Release|Any CPU.Build.0 = Release|Any CPU
		{7306A63F-5690-41E3-8E10-536B75A59C28}.Debug|Any CPU.ActiveCfg = Debug|Any CPU
		{7306A63F-5690-41E3-8E10-536B75A59C28}.Debug|Any CPU.Build.0 = Debug|Any CPU
		{7306A63F-5690-41E3-8E10-536B75A59C28}.Release|Any CPU.ActiveCfg = Release|Any CPU
		{7306A63F-5690-41E3-8E10-536B75A59C28}.Release|Any CPU.Build.0 = Release|Any CPU
		{8A08AD4F-C895-4D4D-8AF1-46405298AC39}.Debug|Any CPU.ActiveCfg = Debug|Any CPU
		{8A08AD4F-C895-4D4D-8AF1-46405298AC39}.Debug|Any CPU.Build.0 = Debug|Any CPU
		{8A08AD4F-C895-4D4D-8AF1-46405298AC39}.Release|Any CPU.ActiveCfg = Release|Any CPU
		{8A08AD4F-C895-4D4D-8AF1-46405298AC39}.Release|Any CPU.Build.0 = Release|Any CPU
		{901051B1-3709-45CE-9A36-710AD5B5AD79}.Debug|Any CPU.ActiveCfg = Debug|Any CPU
		{901051B1-3709-45CE-9A36-710AD5B5AD79}.Debug|Any CPU.Build.0 = Debug|Any CPU
		{901051B1-3709-45CE-9A36-710AD5B5AD79}.Release|Any CPU.ActiveCfg = Release|Any CPU
		{901051B1-3709-45CE-9A36-710AD5B5AD79}.Release|Any CPU.Build.0 = Release|Any CPU
		{B279D991-C530-4256-B3DB-2B0A37A28AD5}.Debug|Any CPU.ActiveCfg = Debug|Any CPU
		{B279D991-C530-4256-B3DB-2B0A37A28AD5}.Debug|Any CPU.Build.0 = Debug|Any CPU
		{B279D991-C530-4256-B3DB-2B0A37A28AD5}.Release|Any CPU.ActiveCfg = Release|Any CPU
		{B279D991-C530-4256-B3DB-2B0A37A28AD5}.Release|Any CPU.Build.0 = Release|Any CPU
		{A59256B3-58D2-461D-8BF6-9C1740FB59D1}.Debug|Any CPU.ActiveCfg = Debug|Any CPU
		{A59256B3-58D2-461D-8BF6-9C1740FB59D1}.Debug|Any CPU.Build.0 = Debug|Any CPU
		{A59256B3-58D2-461D-8BF6-9C1740FB59D1}.Release|Any CPU.ActiveCfg = Release|Any CPU
		{A59256B3-58D2-461D-8BF6-9C1740FB59D1}.Release|Any CPU.Build.0 = Release|Any CPU
		{179E741B-7767-41AB-9194-343794D8CF94}.Debug|Any CPU.ActiveCfg = Debug|Any CPU
		{179E741B-7767-41AB-9194-343794D8CF94}.Debug|Any CPU.Build.0 = Debug|Any CPU
		{179E741B-7767-41AB-9194-343794D8CF94}.Release|Any CPU.ActiveCfg = Release|Any CPU
		{179E741B-7767-41AB-9194-343794D8CF94}.Release|Any CPU.Build.0 = Release|Any CPU
	EndGlobalSection
	GlobalSection(SolutionProperties) = preSolution
		HideSolutionNode = FALSE
	EndGlobalSection
	GlobalSection(NestedProjects) = preSolution
		{C3AF244E-D93B-40AF-AD26-7A32FC4FFC5E} = {626B37E6-B84B-4DF8-8695-85F985605E48}
		{7D925AE9-AA1A-4BF1-9A13-2B8591A4D65C} = {626B37E6-B84B-4DF8-8695-85F985605E48}
		{959EF7BB-BB70-4002-8784-1DB97EB63759} = {626B37E6-B84B-4DF8-8695-85F985605E48}
		{F4D6966D-82A7-4C46-ADD3-8F104B6A4411} = {F69ADBA4-76C2-4005-BB8F-9BFFD42412B3}
		{0A62B390-EEE7-4D09-A7ED-BC9846120C26} = {F69ADBA4-76C2-4005-BB8F-9BFFD42412B3}
		{2F9FE181-EB4A-4407-9C15-E20EEC13A407} = {F69ADBA4-76C2-4005-BB8F-9BFFD42412B3}
		{9C5C21F8-7253-4971-BBA3-266AA87FBB23} = {F69ADBA4-76C2-4005-BB8F-9BFFD42412B3}
		{BF7D6229-39CF-46EB-887F-7C0950D0E214} = {60979DA1-BFFC-45A3-94A2-9244D431E6EE}
		{8B6791BA-E668-4DD5-B12D-3C1B140FBB52} = {60979DA1-BFFC-45A3-94A2-9244D431E6EE}
		{E093E26F-B5B1-4EDF-9F83-D0CC317DD21D} = {60979DA1-BFFC-45A3-94A2-9244D431E6EE}
		{5B48DA0F-5C19-461B-A8B3-32389C7392C3} = {60979DA1-BFFC-45A3-94A2-9244D431E6EE}
		{2E673D9C-A5EC-45AF-A178-346EA53419C4} = {D39D1744-5FAB-49F4-8440-38C28D0F94BB}
		{7306A63F-5690-41E3-8E10-536B75A59C28} = {D39D1744-5FAB-49F4-8440-38C28D0F94BB}
		{8A08AD4F-C895-4D4D-8AF1-46405298AC39} = {D39D1744-5FAB-49F4-8440-38C28D0F94BB}
		{3288ABF7-9A9E-4BCE-B0DB-2429A42BCC64} = {44C8C1E1-AC04-47E9-9136-8007BF72A38E}
		{901051B1-3709-45CE-9A36-710AD5B5AD79} = {3288ABF7-9A9E-4BCE-B0DB-2429A42BCC64}
		{B279D991-C530-4256-B3DB-2B0A37A28AD5} = {3288ABF7-9A9E-4BCE-B0DB-2429A42BCC64}
		{A59256B3-58D2-461D-8BF6-9C1740FB59D1} = {3288ABF7-9A9E-4BCE-B0DB-2429A42BCC64}
		{179E741B-7767-41AB-9194-343794D8CF94} = {3288ABF7-9A9E-4BCE-B0DB-2429A42BCC64}
	EndGlobalSection
	GlobalSection(ExtensibilityGlobals) = postSolution
		SolutionGuid = {0B6BCA75-3EE5-41CD-9024-05ACCA84D675}
	EndGlobalSection
EndGlobal
