
Microsoft Visual Studio Solution File, Format Version 12.00
# Visual Studio Version 17
VisualStudioVersion = 17.5.002.0
MinimumVisualStudioVersion = 10.0.40219.1
Project("{9A19103F-16F7-4668-BE54-9A1E7A4F7556}") = "C#001", "C#001\C#001.csproj", "{E82BD65A-C758-443F-94FA-1CF37A420B74}"
EndProject
Global
	GlobalSection(SolutionConfigurationPlatforms) = preSolution
		Debug|Any CPU = Debug|Any CPU
		Release|Any CPU = Release|Any CPU
	EndGlobalSection
	GlobalSection(ProjectConfigurationPlatforms) = postSolution
		{E82BD65A-C758-443F-94FA-1CF37A420B74}.Debug|Any CPU.ActiveCfg = Debug|Any CPU
		{E82BD65A-C758-443F-94FA-1CF37A420B74}.Debug|Any CPU.Build.0 = Debug|Any CPU
		{E82BD65A-C758-443F-94FA-1CF37A420B74}.Release|Any CPU.ActiveCfg = Release|Any CPU
		{E82BD65A-C758-443F-94FA-1CF37A420B74}.Release|Any CPU.Build.0 = Release|Any CPU
	EndGlobalSection
	GlobalSection(SolutionProperties) = preSolution
		HideSolutionNode = FALSE
	EndGlobalSection
	GlobalSection(ExtensibilityGlobals) = postSolution
		SolutionGuid = {970DBA82-04AE-4758-B2BC-259C05BB3496}
	EndGlobalSection
EndGlobal
