
Microsoft Visual Studio Solution File, Format Version 12.00
# Visual Studio Version 17
VisualStudioVersion = 17.5.002.0
MinimumVisualStudioVersion = 10.0.40219.1
Project("{9A19103F-16F7-4668-BE54-9A1E7A4F7556}") = "C#001", "C#001\C#001.csproj", "{9B1A9FCD-522C-48BA-83BD-0F8D100EBA3E}"
EndProject
Project("{FAE04EC0-301F-11D3-BF4B-00C04F79EFBC}") = "C#003", "C#003\C#003.csproj", "{8B13A64E-6F24-4DBE-A65D-06DA68F2ABA0}"
EndProject
Global
	GlobalSection(SolutionConfigurationPlatforms) = preSolution
		Debug|Any CPU = Debug|Any CPU
		Release|Any CPU = Release|Any CPU
	EndGlobalSection
	GlobalSection(ProjectConfigurationPlatforms) = postSolution
		{9B1A9FCD-522C-48BA-83BD-0F8D100EBA3E}.Debug|Any CPU.ActiveCfg = Debug|Any CPU
		{9B1A9FCD-522C-48BA-83BD-0F8D100EBA3E}.Debug|Any CPU.Build.0 = Debug|Any CPU
		{9B1A9FCD-522C-48BA-83BD-0F8D100EBA3E}.Release|Any CPU.ActiveCfg = Release|Any CPU
		{9B1A9FCD-522C-48BA-83BD-0F8D100EBA3E}.Release|Any CPU.Build.0 = Release|Any CPU
		{8B13A64E-6F24-4DBE-A65D-06DA68F2ABA0}.Debug|Any CPU.ActiveCfg = Debug|Any CPU
		{8B13A64E-6F24-4DBE-A65D-06DA68F2ABA0}.Debug|Any CPU.Build.0 = Debug|Any CPU
		{8B13A64E-6F24-4DBE-A65D-06DA68F2ABA0}.Release|Any CPU.ActiveCfg = Release|Any CPU
		{8B13A64E-6F24-4DBE-A65D-06DA68F2ABA0}.Release|Any CPU.Build.0 = Release|Any CPU
	EndGlobalSection
	GlobalSection(SolutionProperties) = preSolution
		HideSolutionNode = FALSE
	EndGlobalSection
	GlobalSection(ExtensibilityGlobals) = postSolution
		SolutionGuid = {F3F03D22-52A4-4E48-8C29-99E1B4DE464E}
	EndGlobalSection
EndGlobal
