
Microsoft Visual Studio Solution File, Format Version 12.00
# Visual Studio Version 17
VisualStudioVersion = 17.5.002.0
MinimumVisualStudioVersion = 10.0.40219.1
Project("{9A19103F-16F7-4668-BE54-9A1E7A4F7556}") = "consoleasync", "consoleasync.csproj", "{B74E0C5E-601C-47BA-B718-6C114CF81131}"
EndProject
Global
	GlobalSection(SolutionConfigurationPlatforms) = preSolution
		Debug|Any CPU = Debug|Any CPU
		Release|Any CPU = Release|Any CPU
	EndGlobalSection
	GlobalSection(ProjectConfigurationPlatforms) = postSolution
		{B74E0C5E-601C-47BA-B718-6C114CF81131}.Debug|Any CPU.ActiveCfg = Debug|Any CPU
		{B74E0C5E-601C-47BA-B718-6C114CF81131}.Debug|Any CPU.Build.0 = Debug|Any CPU
		{B74E0C5E-601C-47BA-B718-6C114CF81131}.Release|Any CPU.ActiveCfg = Release|Any CPU
		{B74E0C5E-601C-47BA-B718-6C114CF81131}.Release|Any CPU.Build.0 = Release|Any CPU
	EndGlobalSection
	GlobalSection(SolutionProperties) = preSolution
		HideSolutionNode = FALSE
	EndGlobalSection
	GlobalSection(ExtensibilityGlobals) = postSolution
		SolutionGuid = {9FD91640-17B4-4214-8F7C-5EF950F75DF1}
	EndGlobalSection
EndGlobal
